
Microsoft Visual Studio Solution File, Format Version 12.00
# Visual Studio Version 17
VisualStudioVersion = 17.1.32328.378
MinimumVisualStudioVersion = 10.0.40219.1
Project("{9A19103F-16F7-4668-BE54-9A1E7A4F7556}") = "Twitter.Api", "Twitter.Api.csproj", "{520AF8EF-D83E-4347-813E-BCF236B3AAEB}"
EndProject
Project("{E53339B2-1760-4266-BCC7-CA923CBCF16C}") = "docker-compose", "docker-compose.dcproj", "{7ADD2CE3-31E4-4CFE-A172-ECEA6E918B13}"
EndProject
Project("{9A19103F-16F7-4668-BE54-9A1E7A4F7556}") = "Twitter.xunitTests", "..\Twitter.xunitTests\Twitter.xunitTests\Twitter.xunitTests.csproj", "{F7C2E20F-8D24-4015-8AFE-36BFF5834736}"
EndProject
Project("{9A19103F-16F7-4668-BE54-9A1E7A4F7556}") = "Twitter.NunitTests", "..\Twitter.NunitTests\Twitter.NunitTests.csproj", "{F81C8B6C-87DF-4CEB-92D5-BE00031AE30E}"
EndProject
Global
	GlobalSection(SolutionConfigurationPlatforms) = preSolution
		Debug|Any CPU = Debug|Any CPU
		Release|Any CPU = Release|Any CPU
	EndGlobalSection
	GlobalSection(ProjectConfigurationPlatforms) = postSolution
		{520AF8EF-D83E-4347-813E-BCF236B3AAEB}.Debug|Any CPU.ActiveCfg = Debug|Any CPU
		{520AF8EF-D83E-4347-813E-BCF236B3AAEB}.Debug|Any CPU.Build.0 = Debug|Any CPU
		{520AF8EF-D83E-4347-813E-BCF236B3AAEB}.Release|Any CPU.ActiveCfg = Release|Any CPU
		{520AF8EF-D83E-4347-813E-BCF236B3AAEB}.Release|Any CPU.Build.0 = Release|Any CPU
		{7ADD2CE3-31E4-4CFE-A172-ECEA6E918B13}.Debug|Any CPU.ActiveCfg = Debug|Any CPU
		{7ADD2CE3-31E4-4CFE-A172-ECEA6E918B13}.Debug|Any CPU.Build.0 = Debug|Any CPU
		{7ADD2CE3-31E4-4CFE-A172-ECEA6E918B13}.Release|Any CPU.ActiveCfg = Release|Any CPU
		{7ADD2CE3-31E4-4CFE-A172-ECEA6E918B13}.Release|Any CPU.Build.0 = Release|Any CPU
		{F7C2E20F-8D24-4015-8AFE-36BFF5834736}.Debug|Any CPU.ActiveCfg = Debug|Any CPU
		{F7C2E20F-8D24-4015-8AFE-36BFF5834736}.Debug|Any CPU.Build.0 = Debug|Any CPU
		{F7C2E20F-8D24-4015-8AFE-36BFF5834736}.Release|Any CPU.ActiveCfg = Release|Any CPU
		{F7C2E20F-8D24-4015-8AFE-36BFF5834736}.Release|Any CPU.Build.0 = Release|Any CPU
		{F81C8B6C-87DF-4CEB-92D5-BE00031AE30E}.Debug|Any CPU.ActiveCfg = Debug|Any CPU
		{F81C8B6C-87DF-4CEB-92D5-BE00031AE30E}.Debug|Any CPU.Build.0 = Debug|Any CPU
		{F81C8B6C-87DF-4CEB-92D5-BE00031AE30E}.Release|Any CPU.ActiveCfg = Release|Any CPU
		{F81C8B6C-87DF-4CEB-92D5-BE00031AE30E}.Release|Any CPU.Build.0 = Release|Any CPU
	EndGlobalSection
	GlobalSection(SolutionProperties) = preSolution
		HideSolutionNode = FALSE
	EndGlobalSection
	GlobalSection(ExtensibilityGlobals) = postSolution
		SolutionGuid = {8C73FC20-BC9B-4E49-A5B7-E9B9E2170225}
	EndGlobalSection
EndGlobal
